[[package]]
category = "main"
description = "Cross-platform colored terminal text."
name = "colorama"
optional = false
python-versions = ">=2.7, !=3.0.*, !=3.1.*, !=3.2.*, !=3.3.*, !=3.4.*"
version = "0.4.3"

[[package]]
category = "main"
description = "A small Python package to hide or show the terminal cursor"
name = "cursor"
optional = false
python-versions = "*"
version = "1.3.4"

[[package]]
category = "main"
description = "Beautiful terminal spinners in Python"
name = "halo"
optional = false
python-versions = "*"
version = "0.0.29"

[package.dependencies]
colorama = ">=0.3.9"
cursor = ">=1.2.0"
log-symbols = ">=0.0.14"
six = ">=1.12.0"
spinners = ">=0.0.24"
termcolor = ">=1.1.0"

[[package]]
category = "main"
description = "Colored symbols for various log levels for Python"
name = "log-symbols"
optional = false
python-versions = "*"
version = "0.0.14"

[package.dependencies]
colorama = ">=0.3.9"

[[package]]
category = "main"
description = "replit"
name = "replit"
optional = false
python-versions = "*"
version = "1.0.5"

[[package]]
category = "main"
description = "Python 2 and 3 compatibility utilities"
name = "six"
optional = false
python-versions = ">=2.7, !=3.0.*, !=3.1.*, !=3.2.*"
version = "1.14.0"

[[package]]
category = "main"
description = "Spinners for terminals"
name = "spinners"
optional = false
python-versions = "*"
version = "0.0.24"

[[package]]
category = "main"
description = "ANSII Color formatting for output in terminal."
name = "termcolor"
optional = false
python-versions = "*"
version = "1.1.0"

[metadata]
content-hash = "7786a35fd93a0a595a92847a34a5a4676388b99eccc6bfc4c18c6218caf87ad2"
python-versions = "^3.7"

[metadata.hashes]
colorama = ["7d73d2a99753107a36ac6b455ee49046802e59d9d076ef8e47b61499fa29afff", "e96da0d330793e2cb9485e9ddfd918d456036c7149416295932478192f4436a1"]
cursor = ["33f279a17789c04efd27a92501a0dad62bb011f8a4cdff93867c798d26508940"]
halo = ["67996649083229a9b7a93fe7c871c97d40bd2f1a988540eccf948a6b1844f644", "a8aeb0164e269d7c96fb7444b2a4caaa09b8989fa0c85e6a26e8b2c6d1af3b9d"]
log-symbols = ["4952106ff8b605ab7d5081dd2c7e6ca7374584eff7086f499c06edd1ce56dcca", "cf0bbc6fe1a8e53f0d174a716bc625c4f87043cc21eb55dd8a740cfe22680556"]
replit = ["0323725f7e0122a7ed2f123380974158c1a3c5f5c83972924864f633cc150ef7"]
six = ["236bdbdce46e6e6a3d61a337c0f8b763ca1e8717c03b369e87a7ec7ce1319c0a", "8f3cd2e254d8f793e7f3d6d9df77b92252b52637291d0f0da013c76ea2724b6c"]
spinners = ["1eb6aeb4781d72ab42ed8a01dcf20f3002bf50740d7154d12fb8c9769bf9e27f", "2fa30d0b72c9650ad12bbe031c9943b8d441e41b4f5602b0ec977a19f3290e98"]
termcolor = ["1d6d69ce66211143803fbc56652b41d73b4a400a2891d7bf7a1cdf4c02de613b"]
